
Microsoft Visual Studio Solution File, Format Version 12.00
# Visual Studio 15
VisualStudioVersion = 15.0.28307.1340
MinimumVisualStudioVersion = 10.0.40219.1
Project("{9A19103F-16F7-4668-BE54-9A1E7A4F7556}") = "Services", "Services\Services.csproj", "{64E3B1C9-77F5-4FC8-8867-9A807EDB03AA}"
EndProject
Project("{9A19103F-16F7-4668-BE54-9A1E7A4F7556}") = "AccommodationAPI", "AccommodationAPI\AccommodationAPI.csproj", "{713384FA-9FFF-487F-9AEF-D748A14AA575}"
EndProject
Global
	GlobalSection(SolutionConfigurationPlatforms) = preSolution
		Debug|Any CPU = Debug|Any CPU
		Release|Any CPU = Release|Any CPU
	EndGlobalSection
	GlobalSection(ProjectConfigurationPlatforms) = postSolution
		{64E3B1C9-77F5-4FC8-8867-9A807EDB03AA}.Debug|Any CPU.ActiveCfg = Debug|Any CPU
		{64E3B1C9-77F5-4FC8-8867-9A807EDB03AA}.Debug|Any CPU.Build.0 = Debug|Any CPU
		{64E3B1C9-77F5-4FC8-8867-9A807EDB03AA}.Release|Any CPU.ActiveCfg = Release|Any CPU
		{64E3B1C9-77F5-4FC8-8867-9A807EDB03AA}.Release|Any CPU.Build.0 = Release|Any CPU
		{713384FA-9FFF-487F-9AEF-D748A14AA575}.Debug|Any CPU.ActiveCfg = Debug|Any CPU
		{713384FA-9FFF-487F-9AEF-D748A14AA575}.Debug|Any CPU.Build.0 = Debug|Any CPU
		{713384FA-9FFF-487F-9AEF-D748A14AA575}.Release|Any CPU.ActiveCfg = Release|Any CPU
		{713384FA-9FFF-487F-9AEF-D748A14AA575}.Release|Any CPU.Build.0 = Release|Any CPU
	EndGlobalSection
	GlobalSection(SolutionProperties) = preSolution
		HideSolutionNode = FALSE
	EndGlobalSection
	GlobalSection(ExtensibilityGlobals) = postSolution
		SolutionGuid = {DD8115E5-0E7B-44E0-BC03-9B05A1B29183}
	EndGlobalSection
EndGlobal
